
Microsoft Visual Studio Solution File, Format Version 12.00
# Visual Studio Version 17
VisualStudioVersion = 17.11.35017.193
MinimumVisualStudioVersion = 10.0.40219.1
Project("{9A19103F-16F7-4668-BE54-9A1E7A4F7556}") = "XFEToolBox", "XFEToolBox\XFEToolBox.csproj", "{7A065B44-8D37-4415-A97F-9F7C8F8E9567}"
EndProject
Project("{9A19103F-16F7-4668-BE54-9A1E7A4F7556}") = "XFEToolBox.Test", "XFEToolBox.Test\XFEToolBox.Test.csproj", "{9AEA29D2-6EC5-4CE2-BCC0-850160D81DBF}"
	ProjectSection(ProjectDependencies) = postProject
		{AA68EC1E-93C8-4D18-8372-64F3D91A66F1} = {AA68EC1E-93C8-4D18-8372-64F3D91A66F1}
	EndProjectSection
EndProject
Project("{9A19103F-16F7-4668-BE54-9A1E7A4F7556}") = "XFEToolBox.Core", "XFEToolBox.Core\XFEToolBox.Core.csproj", "{AA68EC1E-93C8-4D18-8372-64F3D91A66F1}"
EndProject
Project("{2150E333-8FDC-42A3-9474-1A3956D46DE8}") = "Application", "Application", "{6B2C3055-23D6-4804-928F-F2F0EBE5E6AA}"
EndProject
Project("{2150E333-8FDC-42A3-9474-1A3956D46DE8}") = "Installer", "Installer", "{79A854E4-C4AC-43B3-BBC7-0581CCDB1A1F}"
EndProject
Project("{FAE04EC0-301F-11D3-BF4B-00C04F79EFBC}") = "XFEToolBoxInstaller", "XFEToolBoxInstaller\XFEToolBoxInstaller.csproj", "{F6F4DC45-737B-47FD-84C5-072C50C64A8E}"
EndProject
Project("{9A19103F-16F7-4668-BE54-9A1E7A4F7556}") = "XFEToolBox.Server", "XFEToolBox.Server\XFEToolBox.Server.csproj", "{B697770A-991A-4E08-86B3-F9446025DA28}"
EndProject
Project("{9A19103F-16F7-4668-BE54-9A1E7A4F7556}") = "XFEToolBox.Server.Core", "XFEToolBox.Server.Core\XFEToolBox.Server.Core.csproj", "{5047A7C4-6552-45A1-B759-F593BB32E3A8}"
EndProject
Project("{9A19103F-16F7-4668-BE54-9A1E7A4F7556}") = "XFEToolBox.Server.Test", "XFEToolBox.Server.Test\XFEToolBox.Server.Test.csproj", "{F4A65D5D-5629-4C90-9427-CE2450E4E1B1}"
EndProject
Project("{2150E333-8FDC-42A3-9474-1A3956D46DE8}") = "Server", "Server", "{F25E3DB9-457D-40D1-A5B5-02F88AEDB0AF}"
EndProject
Global
	GlobalSection(SolutionConfigurationPlatforms) = preSolution
		Debug|Any CPU = Debug|Any CPU
		Release|Any CPU = Release|Any CPU
	EndGlobalSection
	GlobalSection(ProjectConfigurationPlatforms) = postSolution
		{7A065B44-8D37-4415-A97F-9F7C8F8E9567}.Debug|Any CPU.ActiveCfg = Debug|Any CPU
		{7A065B44-8D37-4415-A97F-9F7C8F8E9567}.Debug|Any CPU.Build.0 = Debug|Any CPU
		{7A065B44-8D37-4415-A97F-9F7C8F8E9567}.Release|Any CPU.ActiveCfg = Release|Any CPU
		{7A065B44-8D37-4415-A97F-9F7C8F8E9567}.Release|Any CPU.Build.0 = Release|Any CPU
		{9AEA29D2-6EC5-4CE2-BCC0-850160D81DBF}.Debug|Any CPU.ActiveCfg = Debug|Any CPU
		{9AEA29D2-6EC5-4CE2-BCC0-850160D81DBF}.Debug|Any CPU.Build.0 = Debug|Any CPU
		{9AEA29D2-6EC5-4CE2-BCC0-850160D81DBF}.Release|Any CPU.ActiveCfg = Release|Any CPU
		{9AEA29D2-6EC5-4CE2-BCC0-850160D81DBF}.Release|Any CPU.Build.0 = Release|Any CPU
		{AA68EC1E-93C8-4D18-8372-64F3D91A66F1}.Debug|Any CPU.ActiveCfg = Debug|Any CPU
		{AA68EC1E-93C8-4D18-8372-64F3D91A66F1}.Debug|Any CPU.Build.0 = Debug|Any CPU
		{AA68EC1E-93C8-4D18-8372-64F3D91A66F1}.Release|Any CPU.ActiveCfg = Release|Any CPU
		{AA68EC1E-93C8-4D18-8372-64F3D91A66F1}.Release|Any CPU.Build.0 = Release|Any CPU
		{F6F4DC45-737B-47FD-84C5-072C50C64A8E}.Debug|Any CPU.ActiveCfg = Debug|Any CPU
		{F6F4DC45-737B-47FD-84C5-072C50C64A8E}.Debug|Any CPU.Build.0 = Debug|Any CPU
		{F6F4DC45-737B-47FD-84C5-072C50C64A8E}.Release|Any CPU.ActiveCfg = Release|Any CPU
		{F6F4DC45-737B-47FD-84C5-072C50C64A8E}.Release|Any CPU.Build.0 = Release|Any CPU
		{B697770A-991A-4E08-86B3-F9446025DA28}.Debug|Any CPU.ActiveCfg = Debug|Any CPU
		{B697770A-991A-4E08-86B3-F9446025DA28}.Debug|Any CPU.Build.0 = Debug|Any CPU
		{B697770A-991A-4E08-86B3-F9446025DA28}.Release|Any CPU.ActiveCfg = Release|Any CPU
		{B697770A-991A-4E08-86B3-F9446025DA28}.Release|Any CPU.Build.0 = Release|Any CPU
		{5047A7C4-6552-45A1-B759-F593BB32E3A8}.Debug|Any CPU.ActiveCfg = Debug|Any CPU
		{5047A7C4-6552-45A1-B759-F593BB32E3A8}.Debug|Any CPU.Build.0 = Debug|Any CPU
		{5047A7C4-6552-45A1-B759-F593BB32E3A8}.Release|Any CPU.ActiveCfg = Release|Any CPU
		{5047A7C4-6552-45A1-B759-F593BB32E3A8}.Release|Any CPU.Build.0 = Release|Any CPU
		{F4A65D5D-5629-4C90-9427-CE2450E4E1B1}.Debug|Any CPU.ActiveCfg = Debug|Any CPU
		{F4A65D5D-5629-4C90-9427-CE2450E4E1B1}.Debug|Any CPU.Build.0 = Debug|Any CPU
		{F4A65D5D-5629-4C90-9427-CE2450E4E1B1}.Release|Any CPU.ActiveCfg = Release|Any CPU
		{F4A65D5D-5629-4C90-9427-CE2450E4E1B1}.Release|Any CPU.Build.0 = Release|Any CPU
	EndGlobalSection
	GlobalSection(SolutionProperties) = preSolution
		HideSolutionNode = FALSE
	EndGlobalSection
	GlobalSection(NestedProjects) = preSolution
		{7A065B44-8D37-4415-A97F-9F7C8F8E9567} = {6B2C3055-23D6-4804-928F-F2F0EBE5E6AA}
		{9AEA29D2-6EC5-4CE2-BCC0-850160D81DBF} = {6B2C3055-23D6-4804-928F-F2F0EBE5E6AA}
		{AA68EC1E-93C8-4D18-8372-64F3D91A66F1} = {6B2C3055-23D6-4804-928F-F2F0EBE5E6AA}
		{F6F4DC45-737B-47FD-84C5-072C50C64A8E} = {79A854E4-C4AC-43B3-BBC7-0581CCDB1A1F}
		{B697770A-991A-4E08-86B3-F9446025DA28} = {F25E3DB9-457D-40D1-A5B5-02F88AEDB0AF}
		{5047A7C4-6552-45A1-B759-F593BB32E3A8} = {F25E3DB9-457D-40D1-A5B5-02F88AEDB0AF}
		{F4A65D5D-5629-4C90-9427-CE2450E4E1B1} = {F25E3DB9-457D-40D1-A5B5-02F88AEDB0AF}
	EndGlobalSection
	GlobalSection(ExtensibilityGlobals) = postSolution
		SolutionGuid = {9EEA9668-487B-420D-A957-97140D8FBCF8}
	EndGlobalSection
EndGlobal
