Microsoft Visual Studio Solution File, Format Version 12.00
# Visual Studio Version 18
VisualStudioVersion = 18.9.12105.275 stable
MinimumVisualStudioVersion = 10.0.40219.1
Project("{FAE04EC0-301F-11D3-BF4B-00C04F79EFBC}") = "XFEToolBox.Client", "XFEToolBox\XFEToolBox.Client.csproj", "{7A065B44-314D-4AA4-BED2-E88006E616CB}"
EndProject
Project("{FAE04EC0-301F-11D3-BF4B-00C04F79EFBC}") = "XFEToolBox.Client.Test", "XFEToolBox.Test\XFEToolBox.Client.Test.csproj", "{9AEA29D2-F421-4263-A4A5-0C6DFA070254}"
EndProject
Project("{FAE04EC0-301F-11D3-BF4B-00C04F79EFBC}") = "XFEToolBox.Core", "XFEToolBox.Core\XFEToolBox.Core.csproj", "{AA68EC1E-6E55-4616-8F91-45B0E6F004C5}"
EndProject
Project("{FAE04EC0-301F-11D3-BF4B-00C04F79EFBC}") = "XFEToolBox.Client.Core", "XFEToolBox.Client.Core\XFEToolBox.Client.Core.csproj", "{B8E72CA0-997E-4284-8832-C9C637016B55}"
EndProject
Project("{FAE04EC0-301F-11D3-BF4B-00C04F79EFBC}") = "XFEToolBox.Server", "XFEToolBox.Server\XFEToolBox.Server.csproj", "{6DCDD456-623E-4DF0-869B-C2F208B623E7}"
EndProject
Project("{FAE04EC0-301F-11D3-BF4B-00C04F79EFBC}") = "XFEToolBox.Server.Core", "XFEToolBox.Server.Core\XFEToolBox.Server.Core.csproj", "{6497CE31-AEE5-498F-9EA3-B90A27935DDC}"
EndProject
Project("{FAE04EC0-301F-11D3-BF4B-00C04F79EFBC}") = "XFEToolBox.Server.Test", "XFEToolBox.Server.Test\XFEToolBox.Server.Test.csproj", "{F4A65D5D-451B-49CE-A182-D4844099B2A7}"
EndProject
Project("{FAE04EC0-301F-11D3-BF4B-00C04F79EFBC}") = "XFEToolBox.Client.Wpf.Test", "XFEToolBox.Client.Wpf.Test\XFEToolBox.Client.Wpf.Test.csproj", "{1E32CB0A-5D9A-4D77-8E2B-7B4D342A8213}"
EndProject
Project("{2150E333-8FDC-42A3-9474-1A3956D46DE8}") = "Client", "Client", "{6B2C3055-18C5-499C-9A27-518C056F5B08}"
EndProject
Project("{2150E333-8FDC-42A3-9474-1A3956D46DE8}") = "Server", "Server", "{F537CE27-96C2-498B-8CAE-D0EA21A7C425}"
EndProject
Project("{FAE04EC0-301F-11D3-BF4B-00C04F79EFBC}") = "XFEToolBox.Client.Installer", "XFEToolBox.Client.Installer\XFEToolBox.Client.Installer.csproj", "{FDD0B52F-DC38-49D8-832B-CA5274A53EEF}"
EndProject
Global
	GlobalSection(SolutionConfigurationPlatforms) = preSolution
		Debug|Any CPU = Debug|Any CPU
		Release|Any CPU = Release|Any CPU
	EndGlobalSection
	GlobalSection(ProjectConfigurationPlatforms) = postSolution
		{7A065B44-314D-4AA4-BED2-E88006E616CB}.Debug|Any CPU.ActiveCfg = Debug|Any CPU
		{7A065B44-314D-4AA4-BED2-E88006E616CB}.Debug|Any CPU.Build.0 = Debug|Any CPU
		{7A065B44-314D-4AA4-BED2-E88006E616CB}.Release|Any CPU.ActiveCfg = Release|Any CPU
		{7A065B44-314D-4AA4-BED2-E88006E616CB}.Release|Any CPU.Build.0 = Release|Any CPU
		{9AEA29D2-F421-4263-A4A5-0C6DFA070254}.Debug|Any CPU.ActiveCfg = Debug|Any CPU
		{9AEA29D2-F421-4263-A4A5-0C6DFA070254}.Debug|Any CPU.Build.0 = Debug|Any CPU
		{9AEA29D2-F421-4263-A4A5-0C6DFA070254}.Release|Any CPU.ActiveCfg = Release|Any CPU
		{9AEA29D2-F421-4263-A4A5-0C6DFA070254}.Release|Any CPU.Build.0 = Release|Any CPU
		{AA68EC1E-6E55-4616-8F91-45B0E6F004C5}.Debug|Any CPU.ActiveCfg = Debug|Any CPU
		{AA68EC1E-6E55-4616-8F91-45B0E6F004C5}.Debug|Any CPU.Build.0 = Debug|Any CPU
		{AA68EC1E-6E55-4616-8F91-45B0E6F004C5}.Release|Any CPU.ActiveCfg = Release|Any CPU
		{AA68EC1E-6E55-4616-8F91-45B0E6F004C5}.Release|Any CPU.Build.0 = Release|Any CPU
		{B8E72CA0-997E-4284-8832-C9C637016B55}.Debug|Any CPU.ActiveCfg = Debug|Any CPU
		{B8E72CA0-997E-4284-8832-C9C637016B55}.Debug|Any CPU.Build.0 = Debug|Any CPU
		{B8E72CA0-997E-4284-8832-C9C637016B55}.Release|Any CPU.ActiveCfg = Release|Any CPU
		{B8E72CA0-997E-4284-8832-C9C637016B55}.Release|Any CPU.Build.0 = Release|Any CPU
		{6DCDD456-623E-4DF0-869B-C2F208B623E7}.Debug|Any CPU.ActiveCfg = Debug|Any CPU
		{6DCDD456-623E-4DF0-869B-C2F208B623E7}.Debug|Any CPU.Build.0 = Debug|Any CPU
		{6DCDD456-623E-4DF0-869B-C2F208B623E7}.Release|Any CPU.ActiveCfg = Release|Any CPU
		{6DCDD456-623E-4DF0-869B-C2F208B623E7}.Release|Any CPU.Build.0 = Release|Any CPU
		{6497CE31-AEE5-498F-9EA3-B90A27935DDC}.Debug|Any CPU.ActiveCfg = Debug|Any CPU
		{6497CE31-AEE5-498F-9EA3-B90A27935DDC}.Debug|Any CPU.Build.0 = Debug|Any CPU
		{6497CE31-AEE5-498F-9EA3-B90A27935DDC}.Release|Any CPU.ActiveCfg = Release|Any CPU
		{6497CE31-AEE5-498F-9EA3-B90A27935DDC}.Release|Any CPU.Build.0 = Release|Any CPU
		{F4A65D5D-451B-49CE-A182-D4844099B2A7}.Debug|Any CPU.ActiveCfg = Debug|Any CPU
		{F4A65D5D-451B-49CE-A182-D4844099B2A7}.Debug|Any CPU.Build.0 = Debug|Any CPU
		{F4A65D5D-451B-49CE-A182-D4844099B2A7}.Release|Any CPU.ActiveCfg = Release|Any CPU
		{F4A65D5D-451B-49CE-A182-D4844099B2A7}.Release|Any CPU.Build.0 = Release|Any CPU
		{1E32CB0A-5D9A-4D77-8E2B-7B4D342A8213}.Debug|Any CPU.ActiveCfg = Debug|Any CPU
		{1E32CB0A-5D9A-4D77-8E2B-7B4D342A8213}.Debug|Any CPU.Build.0 = Debug|Any CPU
		{1E32CB0A-5D9A-4D77-8E2B-7B4D342A8213}.Release|Any CPU.ActiveCfg = Release|Any CPU
		{1E32CB0A-5D9A-4D77-8E2B-7B4D342A8213}.Release|Any CPU.Build.0 = Release|Any CPU
		{FDD0B52F-DC38-49D8-832B-CA5274A53EEF}.Debug|Any CPU.ActiveCfg = Debug|Any CPU
		{FDD0B52F-DC38-49D8-832B-CA5274A53EEF}.Debug|Any CPU.Build.0 = Debug|Any CPU
		{FDD0B52F-DC38-49D8-832B-CA5274A53EEF}.Release|Any CPU.ActiveCfg = Release|Any CPU
		{FDD0B52F-DC38-49D8-832B-CA5274A53EEF}.Release|Any CPU.Build.0 = Release|Any CPU
	EndGlobalSection
	GlobalSection(SolutionProperties) = preSolution
		HideSolutionNode = FALSE
	EndGlobalSection
	GlobalSection(NestedProjects) = preSolution
		{7A065B44-314D-4AA4-BED2-E88006E616CB} = {6B2C3055-18C5-499C-9A27-518C056F5B08}
		{9AEA29D2-F421-4263-A4A5-0C6DFA070254} = {6B2C3055-18C5-499C-9A27-518C056F5B08}
		{B8E72CA0-997E-4284-8832-C9C637016B55} = {6B2C3055-18C5-499C-9A27-518C056F5B08}
		{6DCDD456-623E-4DF0-869B-C2F208B623E7} = {F537CE27-96C2-498B-8CAE-D0EA21A7C425}
		{6497CE31-AEE5-498F-9EA3-B90A27935DDC} = {F537CE27-96C2-498B-8CAE-D0EA21A7C425}
		{F4A65D5D-451B-49CE-A182-D4844099B2A7} = {F537CE27-96C2-498B-8CAE-D0EA21A7C425}
		{1E32CB0A-5D9A-4D77-8E2B-7B4D342A8213} = {6B2C3055-18C5-499C-9A27-518C056F5B08}
		{FDD0B52F-DC38-49D8-832B-CA5274A53EEF} = {6B2C3055-18C5-499C-9A27-518C056F5B08}
	EndGlobalSection
EndGlobal
